// !$*UTF8*$!
{
	archiveVersion = 1;
	classes = {
	};
	objectVersion = 46;
	objects = {

/* Begin PBXBuildFile section */
		49092DAB1D42C16600FED434 /* QuotesViewController.swift in Sources */ = {isa = PBXBuildFile; fileRef = 49092DA91D42C16600FED434 /* QuotesViewController.swift */; };
		49092DAC1D42C16600FED434 /* QuotesViewController.xib in Resources */ = {isa = PBXBuildFile; fileRef = 49092DAA1D42C16600FED434 /* QuotesViewController.xib */; };
		49092DAE1D42C33400FED434 /* Quote.swift in Sources */ = {isa = PBXBuildFile; fileRef = 49092DAD1D42C33400FED434 /* Quote.swift */; };
		49092DB01D42CF3B00FED434 /* EventMonitor.swift in Sources */ = {isa = PBXBuildFile; fileRef = 49092DAF1D42CF3B00FED434 /* EventMonitor.swift */; };
		49368BB41D424EF1008444C2 /* AppDelegate.swift in Sources */ = {isa = PBXBuildFile; fileRef = 49368BB31D424EF1008444C2 /* AppDelegate.swift */; };
		49368BB61D424EF1008444C2 /* Images.xcassets in Resources */ = {isa = PBXBuildFile; fileRef = 49368BB51D424EF1008444C2 /* Images.xcassets */; };
		49368BB91D424EF1008444C2 /* MainMenu.xib in Resources */ = {isa = PBXBuildFile; fileRef = 49368BB71D424EF1008444C2 /* MainMenu.xib */; };
		49368BC51D424EF1008444C2 /* GitAnnexStatusTests.swift in Sources */ = {isa = PBXBuildFile; fileRef = 49368BC41D424EF1008444C2 /* GitAnnexStatusTests.swift */; };
/* End PBXBuildFile section */

/* Begin PBXContainerItemProxy section */
		49368BBF1D424EF1008444C2 /* PBXContainerItemProxy */ = {
			isa = PBXContainerItemProxy;
			containerPortal = 49368BA61D424EF1008444C2 /* Project object */;
			proxyType = 1;
			remoteGlobalIDString = 49368BAD1D424EF1008444C2;
			remoteInfo = GitAnnexStatus;
		};
/* End PBXContainerItemProxy section */

/* Begin PBXFileReference section */
		49092DA91D42C16600FED434 /* QuotesViewController.swift */ = {isa = PBXFileReference; fileEncoding = 4; lastKnownFileType = sourcecode.swift; path = QuotesViewController.swift; sourceTree = "<group>"; };
		49092DAA1D42C16600FED434 /* QuotesViewController.xib */ = {isa = PBXFileReference; fileEncoding = 4; lastKnownFileType = file.xib; path = QuotesViewController.xib; sourceTree = "<group>"; };
		49092DAD1D42C33400FED434 /* Quote.swift */ = {isa = PBXFileReference; fileEncoding = 4; lastKnownFileType = sourcecode.swift; path = Quote.swift; sourceTree = "<group>"; };
		49092DAF1D42CF3B00FED434 /* EventMonitor.swift */ = {isa = PBXFileReference; fileEncoding = 4; lastKnownFileType = sourcecode.swift; path = EventMonitor.swift; sourceTree = "<group>"; };
		49368BAE1D424EF1008444C2 /* GitAnnexStatus.app */ = {isa = PBXFileReference; explicitFileType = wrapper.application; includeInIndex = 0; path = GitAnnexStatus.app; sourceTree = BUILT_PRODUCTS_DIR; };
		49368BB21D424EF1008444C2 /* Info.plist */ = {isa = PBXFileReference; lastKnownFileType = text.plist.xml; path = Info.plist; sourceTree = "<group>"; };
		49368BB31D424EF1008444C2 /* AppDelegate.swift */ = {isa = PBXFileReference; lastKnownFileType = sourcecode.swift; path = AppDelegate.swift; sourceTree = "<group>"; };
		49368BB51D424EF1008444C2 /* Images.xcassets */ = {isa = PBXFileReference; lastKnownFileType = folder.assetcatalog; path = Images.xcassets; sourceTree = "<group>"; };
		49368BB81D424EF1008444C2 /* Base */ = {isa = PBXFileReference; lastKnownFileType = file.xib; name = Base; path = Base.lproj/MainMenu.xib; sourceTree = "<group>"; };
		49368BBE1D424EF1008444C2 /* GitAnnexStatusTests.xctest */ = {isa = PBXFileReference; explicitFileType = wrapper.cfbundle; includeInIndex = 0; path = GitAnnexStatusTests.xctest; sourceTree = BUILT_PRODUCTS_DIR; };
		49368BC31D424EF1008444C2 /* Info.plist */ = {isa = PBXFileReference; lastKnownFileType = text.plist.xml; path = Info.plist; sourceTree = "<group>"; };
		49368BC41D424EF1008444C2 /* GitAnnexStatusTests.swift */ = {isa = PBXFileReference; lastKnownFileType = sourcecode.swift; path = GitAnnexStatusTests.swift; sourceTree = "<group>"; };
/* End PBXFileReference section */

/* Begin PBXFrameworksBuildPhase section */
		49368BAB1D424EF1008444C2 /* Frameworks */ = {
			isa = PBXFrameworksBuildPhase;
			buildActionMask = 2147483647;
			files = (
			);
			runOnlyForDeploymentPostprocessing = 0;
		};
		49368BBB1D424EF1008444C2 /* Frameworks */ = {
			isa = PBXFrameworksBuildPhase;
			buildActionMask = 2147483647;
			files = (
			);
			runOnlyForDeploymentPostprocessing = 0;
		};
/* End PBXFrameworksBuildPhase section */

/* Begin PBXGroup section */
		49368BA51D424EF1008444C2 = {
			isa = PBXGroup;
			children = (
				49092DAF1D42CF3B00FED434 /* EventMonitor.swift */,
				49368BB01D424EF1008444C2 /* GitAnnexStatus */,
				49368BC11D424EF1008444C2 /* GitAnnexStatusTests */,
				49368BAF1D424EF1008444C2 /* Products */,
			);
			sourceTree = "<group>";
		};
		49368BAF1D424EF1008444C2 /* Products */ = {
			isa = PBXGroup;
			children = (
				49368BAE1D424EF1008444C2 /* GitAnnexStatus.app */,
				49368BBE1D424EF1008444C2 /* GitAnnexStatusTests.xctest */,
			);
			name = Products;
			sourceTree = "<group>";
		};
		49368BB01D424EF1008444C2 /* GitAnnexStatus */ = {
			isa = PBXGroup;
			children = (
				49368BB31D424EF1008444C2 /* AppDelegate.swift */,
				49092DAD1D42C33400FED434 /* Quote.swift */,
				49092DA91D42C16600FED434 /* QuotesViewController.swift */,
				49092DAA1D42C16600FED434 /* QuotesViewController.xib */,
				49368BB51D424EF1008444C2 /* Images.xcassets */,
				49368BB71D424EF1008444C2 /* MainMenu.xib */,
				49368BB11D424EF1008444C2 /* Supporting Files */,
			);
			path = GitAnnexStatus;
			sourceTree = "<group>";
		};
		49368BB11D424EF1008444C2 /* Supporting Files */ = {
			isa = PBXGroup;
			children = (
				49368BB21D424EF1008444C2 /* Info.plist */,
			);
			name = "Supporting Files";
			sourceTree = "<group>";
		};
		49368BC11D424EF1008444C2 /* GitAnnexStatusTests */ = {
			isa = PBXGroup;
			children = (
				49368BC41D424EF1008444C2 /* GitAnnexStatusTests.swift */,
				49368BC21D424EF1008444C2 /* Supporting Files */,
			);
			path = GitAnnexStatusTests;
			sourceTree = "<group>";
		};
		49368BC21D424EF1008444C2 /* Supporting Files */ = {
			isa = PBXGroup;
			children = (
				49368BC31D424EF1008444C2 /* Info.plist */,
			);
			name = "Supporting Files";
			sourceTree = "<group>";
		};
/* End PBXGroup section */

/* Begin PBXNativeTarget section */
		49368BAD1D424EF1008444C2 /* GitAnnexStatus */ = {
			isa = PBXNativeTarget;
			buildConfigurationList = 49368BC81D424EF1008444C2 /* Build configuration list for PBXNativeTarget "GitAnnexStatus" */;
			buildPhases = (
				49368BAA1D424EF1008444C2 /* Sources */,
				49368BAB1D424EF1008444C2 /* Frameworks */,
				49368BAC1D424EF1008444C2 /* Resources */,
			);
			buildRules = (
			);
			dependencies = (
			);
			name = GitAnnexStatus;
			productName = GitAnnexStatus;
			productReference = 49368BAE1D424EF1008444C2 /* GitAnnexStatus.app */;
			productType = "com.apple.product-type.application";
		};
		49368BBD1D424EF1008444C2 /* GitAnnexStatusTests */ = {
			isa = PBXNativeTarget;
			buildConfigurationList = 49368BCB1D424EF1008444C2 /* Build configuration list for PBXNativeTarget "GitAnnexStatusTests" */;
			buildPhases = (
				49368BBA1D424EF1008444C2 /* Sources */,
				49368BBB1D424EF1008444C2 /* Frameworks */,
				49368BBC1D424EF1008444C2 /* Resources */,
			);
			buildRules = (
			);
			dependencies = (
				49368BC01D424EF1008444C2 /* PBXTargetDependency */,
			);
			name = GitAnnexStatusTests;
			productName = GitAnnexStatusTests;
			productReference = 49368BBE1D424EF1008444C2 /* GitAnnexStatusTests.xctest */;
			productType = "com.apple.product-type.bundle.unit-test";
		};
/* End PBXNativeTarget section */

/* Begin PBXProject section */
		49368BA61D424EF1008444C2 /* Project object */ = {
			isa = PBXProject;
			attributes = {
				LastSwiftMigration = 0730;
				LastSwiftUpdateCheck = 0730;
				LastUpgradeCheck = 0640;
				ORGANIZATIONNAME = "Andrew Ringler";
				TargetAttributes = {
					49368BAD1D424EF1008444C2 = {
						CreatedOnToolsVersion = 6.4;
					};
					49368BBD1D424EF1008444C2 = {
						CreatedOnToolsVersion = 6.4;
						TestTargetID = 49368BAD1D424EF1008444C2;
					};
				};
			};
			buildConfigurationList = 49368BA91D424EF1008444C2 /* Build configuration list for PBXProject "GitAnnexStatus" */;
			compatibilityVersion = "Xcode 3.2";
			developmentRegion = English;
			hasScannedForEncodings = 0;
			knownRegions = (
				en,
				Base,
			);
			mainGroup = 49368BA51D424EF1008444C2;
			productRefGroup = 49368BAF1D424EF1008444C2 /* Products */;
			projectDirPath = "";
			projectRoot = "";
			targets = (
				49368BAD1D424EF1008444C2 /* GitAnnexStatus */,
				49368BBD1D424EF1008444C2 /* GitAnnexStatusTests */,
			);
		};
/* End PBXProject section */

/* Begin PBXResourcesBuildPhase section */
		49368BAC1D424EF1008444C2 /* Resources */ = {
			isa = PBXResourcesBuildPhase;
			buildActionMask = 2147483647;
			files = (
				49092DAC1D42C16600FED434 /* QuotesViewController.xib in Resources */,
				49368BB61D424EF1008444C2 /* Images.xcassets in Resources */,
				49368BB91D424EF1008444C2 /* MainMenu.xib in Resources */,
			);
			runOnlyForDeploymentPostprocessing = 0;
		};
		49368BBC1D424EF1008444C2 /* Resources */ = {
			isa = PBXResourcesBuildPhase;
			buildActionMask = 2147483647;
			files = (
			);
			runOnlyForDeploymentPostprocessing = 0;
		};
/* End PBXResourcesBuildPhase section */

/* Begin PBXSourcesBuildPhase section */
		49368BAA1D424EF1008444C2 /* Sources */ = {
			isa = PBXSourcesBuildPhase;
			buildActionMask = 2147483647;
			files = (
				49368BB41D424EF1008444C2 /* AppDelegate.swift in Sources */,
				49092DAE1D42C33400FED434 /* Quote.swift in Sources */,
				49092DAB1D42C16600FED434 /* QuotesViewController.swift in Sources */,
				49092DB01D42CF3B00FED434 /* EventMonitor.swift in Sources */,
			);
			runOnlyForDeploymentPostprocessing = 0;
		};
		49368BBA1D424EF1008444C2 /* Sources */ = {
			isa = PBXSourcesBuildPhase;
			buildActionMask = 2147483647;
			files = (
				49368BC51D424EF1008444C2 /* GitAnnexStatusTests.swift in Sources */,
			);
			runOnlyForDeploymentPostprocessing = 0;
		};
/* End PBXSourcesBuildPhase section */

/* Begin PBXTargetDependency section */
		49368BC01D424EF1008444C2 /* PBXTargetDependency */ = {
			isa = PBXTargetDependency;
			target = 49368BAD1D424EF1008444C2 /* GitAnnexStatus */;
			targetProxy = 49368BBF1D424EF1008444C2 /* PBXContainerItemProxy */;
		};
/* End PBXTargetDependency section */

/* Begin PBXVariantGroup section */
		49368BB71D424EF1008444C2 /* MainMenu.xib */ = {
			isa = PBXVariantGroup;
			children = (
				49368BB81D424EF1008444C2 /* Base */,
			);
			name = MainMenu.xib;
			sourceTree = "<group>";
		};
/* End PBXVariantGroup section */

/* Begin XCBuildConfiguration section */
		49368BC61D424EF1008444C2 /* Debug */ = {
			isa = XCBuildConfiguration;
			buildSettings = {
				ALWAYS_SEARCH_USER_PATHS = NO;
				CLANG_CXX_LANGUAGE_STANDARD = "gnu++0x";
				CLANG_CXX_LIBRARY = "libc++";
				CLANG_ENABLE_MODULES = YES;
				CLANG_ENABLE_OBJC_ARC = YES;
				CLANG_WARN_BOOL_CONVERSION = YES;
				CLANG_WARN_CONSTANT_CONVERSION = YES;
				CLANG_WARN_DIRECT_OBJC_ISA_USAGE = YES_ERROR;
				CLANG_WARN_EMPTY_BODY = YES;
				CLANG_WARN_ENUM_CONVERSION = YES;
				CLANG_WARN_INT_CONVERSION = YES;
				CLANG_WARN_OBJC_ROOT_CLASS = YES_ERROR;
				CLANG_WARN_UNREACHABLE_CODE = YES;
				CLANG_WARN__DUPLICATE_METHOD_MATCH = YES;
				CODE_SIGN_IDENTITY = "-";
				COPY_PHASE_STRIP = NO;
				DEBUG_INFORMATION_FORMAT = dwarf;
				ENABLE_STRICT_OBJC_MSGSEND = YES;
				GCC_C_LANGUAGE_STANDARD = gnu99;
				GCC_DYNAMIC_NO_PIC = NO;
				GCC_NO_COMMON_BLOCKS = YES;
				GCC_OPTIMIZATION_LEVEL = 0;
				GCC_PREPROCESSOR_DEFINITIONS = (
					"DEBUG=1",
					"$(inherited)",
				);
				GCC_SYMBOLS_PRIVATE_EXTERN = NO;
				GCC_WARN_64_TO_32_BIT_CONVERSION = YES;
				GCC_WARN_ABOUT_RETURN_TYPE = YES_ERROR;
				GCC_WARN_UNDECLARED_SELECTOR = YES;
				GCC_WARN_UNINITIALIZED_AUTOS = YES_AGGRESSIVE;
				GCC_WARN_UNUSED_FUNCTION = YES;
				GCC_WARN_UNUSED_VARIABLE = YES;
				MACOSX_DEPLOYMENT_TARGET = 10.10;
				MTL_ENABLE_DEBUG_INFO = YES;
				ONLY_ACTIVE_ARCH = YES;
				SDKROOT = macosx;
				SWIFT_OPTIMIZATION_LEVEL = "-Onone";
			};
			name = Debug;
		};
		49368BC71D424EF1008444C2 /* Release */ = {
			isa = XCBuildConfiguration;
			buildSettings = {
				ALWAYS_SEARCH_USER_PATHS = NO;
				CLANG_CXX_LANGUAGE_STANDARD = "gnu++0x";
				CLANG_CXX_LIBRARY = "libc++";
				CLANG_ENABLE_MODULES = YES;
				CLANG_ENABLE_OBJC_ARC = YES;
				CLANG_WARN_BOOL_CONVERSION = YES;
				CLANG_WARN_CONSTANT_CONVERSION = YES;
				CLANG_WARN_DIRECT_OBJC_ISA_USAGE = YES_ERROR;
				CLANG_WARN_EMPTY_BODY = YES;
				CLANG_WARN_ENUM_CONVERSION = YES;
				CLANG_WARN_INT_CONVERSION = YES;
				CLANG_WARN_OBJC_ROOT_CLASS = YES_ERROR;
				CLANG_WARN_UNREACHABLE_CODE = YES;
				CLANG_WARN__DUPLICATE_METHOD_MATCH = YES;
				CODE_SIGN_IDENTITY = "-";
				COPY_PHASE_STRIP = NO;
				DEBUG_INFORMATION_FORMAT = "dwarf-with-dsym";
				ENABLE_NS_ASSERTIONS = NO;
				ENABLE_STRICT_OBJC_MSGSEND = YES;
				GCC_C_LANGUAGE_STANDARD = gnu99;
				GCC_NO_COMMON_BLOCKS = YES;
				GCC_WARN_64_TO_32_BIT_CONVERSION = YES;
				GCC_WARN_ABOUT_RETURN_TYPE = YES_ERROR;
				GCC_WARN_UNDECLARED_SELECTOR = YES;
				GCC_WARN_UNINITIALIZED_AUTOS = YES_AGGRESSIVE;
				GCC_WARN_UNUSED_FUNCTION = YES;
				GCC_WARN_UNUSED_VARIABLE = YES;
				MACOSX_DEPLOYMENT_TARGET = 10.10;
				MTL_ENABLE_DEBUG_INFO = NO;
				SDKROOT = macosx;
			};
			name = Release;
		};
		49368BC91D424EF1008444C2 /* Debug */ = {
			isa = XCBuildConfiguration;
			buildSettings = {
				ASSETCATALOG_COMPILER_APPICON_NAME = AppIcon;
				COMBINE_HIDPI_IMAGES = YES;
				INFOPLIST_FILE = GitAnnexStatus/Info.plist;
				LD_RUNPATH_SEARCH_PATHS = "$(inherited) @executable_path/../Frameworks";
				PRODUCT_NAME = "$(TARGET_NAME)";
			};
			name = Debug;
		};
		49368BCA1D424EF1008444C2 /* Release */ = {
			isa = XCBuildConfiguration;
			buildSettings = {
				ASSETCATALOG_COMPILER_APPICON_NAME = AppIcon;
				COMBINE_HIDPI_IMAGES = YES;
				INFOPLIST_FILE = GitAnnexStatus/Info.plist;
				LD_RUNPATH_SEARCH_PATHS = "$(inherited) @executable_path/../Frameworks";
				PRODUCT_NAME = "$(TARGET_NAME)";
			};
			name = Release;
		};
		49368BCC1D424EF1008444C2 /* Debug */ = {
			isa = XCBuildConfiguration;
			buildSettings = {
				BUNDLE_LOADER = "$(TEST_HOST)";
				COMBINE_HIDPI_IMAGES = YES;
				FRAMEWORK_SEARCH_PATHS = (
					"$(DEVELOPER_FRAMEWORKS_DIR)",
					"$(inherited)",
				);
				GCC_PREPROCESSOR_DEFINITIONS = (
					"DEBUG=1",
					"$(inherited)",
				);
				INFOPLIST_FILE = GitAnnexStatusTests/Info.plist;
				LD_RUNPATH_SEARCH_PATHS = "$(inherited) @executable_path/../Frameworks @loader_path/../Frameworks";
				PRODUCT_NAME = "$(TARGET_NAME)";
				TEST_HOST = "$(BUILT_PRODUCTS_DIR)/GitAnnexStatus.app/Contents/MacOS/GitAnnexStatus";
			};
			name = Debug;
		};
		49368BCD1D424EF1008444C2 /* Release */ = {
			isa = XCBuildConfiguration;
			buildSettings = {
				BUNDLE_LOADER = "$(TEST_HOST)";
				COMBINE_HIDPI_IMAGES = YES;
				FRAMEWORK_SEARCH_PATHS = (
					"$(DEVELOPER_FRAMEWORKS_DIR)",
					"$(inherited)",
				);
				INFOPLIST_FILE = GitAnnexStatusTests/Info.plist;
				LD_RUNPATH_SEARCH_PATHS = "$(inherited) @executable_path/../Frameworks @loader_path/../Frameworks";
				PRODUCT_NAME = "$(TARGET_NAME)";
				TEST_HOST = "$(BUILT_PRODUCTS_DIR)/GitAnnexStatus.app/Contents/MacOS/GitAnnexStatus";
			};
			name = Release;
		};
/* End XCBuildConfiguration section */

/* Begin XCConfigurationList section */
		49368BA91D424EF1008444C2 /* Build configuration list for PBXProject "GitAnnexStatus" */ = {
			isa = XCConfigurationList;
			buildConfigurations = (
				49368BC61D424EF1008444C2 /* Debug */,
				49368BC71D424EF1008444C2 /* Release */,
			);
			defaultConfigurationIsVisible = 0;
			defaultConfigurationName = Release;
		};
		49368BC81D424EF1008444C2 /* Build configuration list for PBXNativeTarget "GitAnnexStatus" */ = {
			isa = XCConfigurationList;
			buildConfigurations = (
				49368BC91D424EF1008444C2 /* Debug */,
				49368BCA1D424EF1008444C2 /* Release */,
			);
			defaultConfigurationIsVisible = 0;
			defaultConfigurationName = Release;
		};
		49368BCB1D424EF1008444C2 /* Build configuration list for PBXNativeTarget "GitAnnexStatusTests" */ = {
			isa = XCConfigurationList;
			buildConfigurations = (
				49368BCC1D424EF1008444C2 /* Debug */,
				49368BCD1D424EF1008444C2 /* Release */,
			);
			defaultConfigurationIsVisible = 0;
			defaultConfigurationName = Release;
		};
/* End XCConfigurationList section */
	};
	rootObject = 49368BA61D424EF1008444C2 /* Project object */;
}
