// !$*UTF8*$!
{
	archiveVersion = 1;
	classes = {
	};
	objectVersion = 46;
	objects = {

/* Begin PBXBuildFile section */
		490BCB861DE5444C00734FF4 /* AppDelegate.swift in Sources */ = {isa = PBXBuildFile; fileRef = 490BCB851DE5444C00734FF4 /* AppDelegate.swift */; };
		490BCB881DE5444C00734FF4 /* Assets.xcassets in Resources */ = {isa = PBXBuildFile; fileRef = 490BCB871DE5444C00734FF4 /* Assets.xcassets */; };
		490BCB8B1DE5444C00734FF4 /* MainMenu.xib in Resources */ = {isa = PBXBuildFile; fileRef = 490BCB891DE5444C00734FF4 /* MainMenu.xib */; };
		490BCB961DE5444D00734FF4 /* git_annex_macTests.swift in Sources */ = {isa = PBXBuildFile; fileRef = 490BCB951DE5444D00734FF4 /* git_annex_macTests.swift */; };
		490BCBA11DE5444D00734FF4 /* git_annex_macUITests.swift in Sources */ = {isa = PBXBuildFile; fileRef = 490BCBA01DE5444D00734FF4 /* git_annex_macUITests.swift */; };
		495DD1B61DE5EEBB00219E03 /* Finder.swift in Sources */ = {isa = PBXBuildFile; fileRef = 495DD1B51DE5EEBB00219E03 /* Finder.swift */; };
		495DD1B81DE5F3FB00219E03 /* StringExtension.swift in Sources */ = {isa = PBXBuildFile; fileRef = 495DD1B71DE5F3FB00219E03 /* StringExtension.swift */; };
		499B44651DE544F00091E0E3 /* FinderSync.swift in Sources */ = {isa = PBXBuildFile; fileRef = 499B44641DE544F00091E0E3 /* FinderSync.swift */; };
		499B44691DE544F00091E0E3 /* git-annex-finder.appex in Embed App Extensions */ = {isa = PBXBuildFile; fileRef = 499B44601DE544F00091E0E3 /* git-annex-finder.appex */; settings = {ATTRIBUTES = (RemoveHeadersOnCopy, ); }; };
		499B44751DE54A250091E0E3 /* main.swift in Sources */ = {isa = PBXBuildFile; fileRef = 499B44741DE54A250091E0E3 /* main.swift */; };
		49F8C0CE1DE5DFF0005FA39D /* ConsoleIO.swift in Sources */ = {isa = PBXBuildFile; fileRef = 49F8C0CD1DE5DFF0005FA39D /* ConsoleIO.swift */; };
/* End PBXBuildFile section */

/* Begin PBXContainerItemProxy section */
		490BCB921DE5444D00734FF4 /* PBXContainerItemProxy */ = {
			isa = PBXContainerItemProxy;
			containerPortal = 490BCB7A1DE5444C00734FF4 /* Project object */;
			proxyType = 1;
			remoteGlobalIDString = 490BCB811DE5444C00734FF4;
			remoteInfo = "git-annex-mac";
		};
		490BCB9D1DE5444D00734FF4 /* PBXContainerItemProxy */ = {
			isa = PBXContainerItemProxy;
			containerPortal = 490BCB7A1DE5444C00734FF4 /* Project object */;
			proxyType = 1;
			remoteGlobalIDString = 490BCB811DE5444C00734FF4;
			remoteInfo = "git-annex-mac";
		};
		499B44671DE544F00091E0E3 /* PBXContainerItemProxy */ = {
			isa = PBXContainerItemProxy;
			containerPortal = 490BCB7A1DE5444C00734FF4 /* Project object */;
			proxyType = 1;
			remoteGlobalIDString = 499B445F1DE544F00091E0E3;
			remoteInfo = "git-annex-finder";
		};
/* End PBXContainerItemProxy section */

/* Begin PBXCopyFilesBuildPhase section */
		499B446D1DE544F00091E0E3 /* Embed App Extensions */ = {
			isa = PBXCopyFilesBuildPhase;
			buildActionMask = 2147483647;
			dstPath = "";
			dstSubfolderSpec = 13;
			files = (
				499B44691DE544F00091E0E3 /* git-annex-finder.appex in Embed App Extensions */,
			);
			name = "Embed App Extensions";
			runOnlyForDeploymentPostprocessing = 0;
		};
		499B44701DE54A250091E0E3 /* CopyFiles */ = {
			isa = PBXCopyFilesBuildPhase;
			buildActionMask = 2147483647;
			dstPath = /usr/share/man/man1/;
			dstSubfolderSpec = 0;
			files = (
			);
			runOnlyForDeploymentPostprocessing = 1;
		};
/* End PBXCopyFilesBuildPhase section */

/* Begin PBXFileReference section */
		490BCB821DE5444C00734FF4 /* git-annex-mac.app */ = {isa = PBXFileReference; explicitFileType = wrapper.application; includeInIndex = 0; path = "git-annex-mac.app"; sourceTree = BUILT_PRODUCTS_DIR; };
		490BCB851DE5444C00734FF4 /* AppDelegate.swift */ = {isa = PBXFileReference; lastKnownFileType = sourcecode.swift; path = AppDelegate.swift; sourceTree = "<group>"; };
		490BCB871DE5444C00734FF4 /* Assets.xcassets */ = {isa = PBXFileReference; lastKnownFileType = folder.assetcatalog; path = Assets.xcassets; sourceTree = "<group>"; };
		490BCB8A1DE5444C00734FF4 /* Base */ = {isa = PBXFileReference; lastKnownFileType = file.xib; name = Base; path = Base.lproj/MainMenu.xib; sourceTree = "<group>"; };
		490BCB8C1DE5444C00734FF4 /* Info.plist */ = {isa = PBXFileReference; lastKnownFileType = text.plist.xml; path = Info.plist; sourceTree = "<group>"; };
		490BCB911DE5444D00734FF4 /* git-annex-macTests.xctest */ = {isa = PBXFileReference; explicitFileType = wrapper.cfbundle; includeInIndex = 0; path = "git-annex-macTests.xctest"; sourceTree = BUILT_PRODUCTS_DIR; };
		490BCB951DE5444D00734FF4 /* git_annex_macTests.swift */ = {isa = PBXFileReference; lastKnownFileType = sourcecode.swift; path = git_annex_macTests.swift; sourceTree = "<group>"; };
		490BCB971DE5444D00734FF4 /* Info.plist */ = {isa = PBXFileReference; lastKnownFileType = text.plist.xml; path = Info.plist; sourceTree = "<group>"; };
		490BCB9C1DE5444D00734FF4 /* git-annex-macUITests.xctest */ = {isa = PBXFileReference; explicitFileType = wrapper.cfbundle; includeInIndex = 0; path = "git-annex-macUITests.xctest"; sourceTree = BUILT_PRODUCTS_DIR; };
		490BCBA01DE5444D00734FF4 /* git_annex_macUITests.swift */ = {isa = PBXFileReference; lastKnownFileType = sourcecode.swift; path = git_annex_macUITests.swift; sourceTree = "<group>"; };
		490BCBA21DE5444D00734FF4 /* Info.plist */ = {isa = PBXFileReference; lastKnownFileType = text.plist.xml; path = Info.plist; sourceTree = "<group>"; };
		495DD1B51DE5EEBB00219E03 /* Finder.swift */ = {isa = PBXFileReference; fileEncoding = 4; lastKnownFileType = sourcecode.swift; path = Finder.swift; sourceTree = "<group>"; };
		495DD1B71DE5F3FB00219E03 /* StringExtension.swift */ = {isa = PBXFileReference; fileEncoding = 4; lastKnownFileType = sourcecode.swift; path = StringExtension.swift; sourceTree = "<group>"; };
		499B44601DE544F00091E0E3 /* git-annex-finder.appex */ = {isa = PBXFileReference; explicitFileType = "wrapper.app-extension"; includeInIndex = 0; path = "git-annex-finder.appex"; sourceTree = BUILT_PRODUCTS_DIR; };
		499B44631DE544F00091E0E3 /* git_annex_finder.entitlements */ = {isa = PBXFileReference; lastKnownFileType = text.xml; path = git_annex_finder.entitlements; sourceTree = "<group>"; };
		499B44641DE544F00091E0E3 /* FinderSync.swift */ = {isa = PBXFileReference; lastKnownFileType = sourcecode.swift; path = FinderSync.swift; sourceTree = "<group>"; };
		499B44661DE544F00091E0E3 /* Info.plist */ = {isa = PBXFileReference; lastKnownFileType = text.plist.xml; path = Info.plist; sourceTree = "<group>"; };
		499B44721DE54A250091E0E3 /* git-annex-mac-cmd */ = {isa = PBXFileReference; explicitFileType = "compiled.mach-o.executable"; includeInIndex = 0; path = "git-annex-mac-cmd"; sourceTree = BUILT_PRODUCTS_DIR; };
		499B44741DE54A250091E0E3 /* main.swift */ = {isa = PBXFileReference; lastKnownFileType = sourcecode.swift; path = main.swift; sourceTree = "<group>"; };
		49F8C0CD1DE5DFF0005FA39D /* ConsoleIO.swift */ = {isa = PBXFileReference; fileEncoding = 4; lastKnownFileType = sourcecode.swift; path = ConsoleIO.swift; sourceTree = "<group>"; };
/* End PBXFileReference section */

/* Begin PBXFrameworksBuildPhase section */
		490BCB7F1DE5444C00734FF4 /* Frameworks */ = {
			isa = PBXFrameworksBuildPhase;
			buildActionMask = 2147483647;
			files = (
			);
			runOnlyForDeploymentPostprocessing = 0;
		};
		490BCB8E1DE5444D00734FF4 /* Frameworks */ = {
			isa = PBXFrameworksBuildPhase;
			buildActionMask = 2147483647;
			files = (
			);
			runOnlyForDeploymentPostprocessing = 0;
		};
		490BCB991DE5444D00734FF4 /* Frameworks */ = {
			isa = PBXFrameworksBuildPhase;
			buildActionMask = 2147483647;
			files = (
			);
			runOnlyForDeploymentPostprocessing = 0;
		};
		499B445D1DE544F00091E0E3 /* Frameworks */ = {
			isa = PBXFrameworksBuildPhase;
			buildActionMask = 2147483647;
			files = (
			);
			runOnlyForDeploymentPostprocessing = 0;
		};
		499B446F1DE54A250091E0E3 /* Frameworks */ = {
			isa = PBXFrameworksBuildPhase;
			buildActionMask = 2147483647;
			files = (
			);
			runOnlyForDeploymentPostprocessing = 0;
		};
/* End PBXFrameworksBuildPhase section */

/* Begin PBXGroup section */
		490BCB791DE5444C00734FF4 = {
			isa = PBXGroup;
			children = (
				490BCB841DE5444C00734FF4 /* git-annex-mac */,
				490BCB941DE5444D00734FF4 /* git-annex-macTests */,
				490BCB9F1DE5444D00734FF4 /* git-annex-macUITests */,
				499B44611DE544F00091E0E3 /* git-annex-finder */,
				499B44731DE54A250091E0E3 /* git-annex-mac-cmd */,
				490BCB831DE5444C00734FF4 /* Products */,
			);
			sourceTree = "<group>";
		};
		490BCB831DE5444C00734FF4 /* Products */ = {
			isa = PBXGroup;
			children = (
				490BCB821DE5444C00734FF4 /* git-annex-mac.app */,
				490BCB911DE5444D00734FF4 /* git-annex-macTests.xctest */,
				490BCB9C1DE5444D00734FF4 /* git-annex-macUITests.xctest */,
				499B44601DE544F00091E0E3 /* git-annex-finder.appex */,
				499B44721DE54A250091E0E3 /* git-annex-mac-cmd */,
			);
			name = Products;
			sourceTree = "<group>";
		};
		490BCB841DE5444C00734FF4 /* git-annex-mac */ = {
			isa = PBXGroup;
			children = (
				490BCB851DE5444C00734FF4 /* AppDelegate.swift */,
				490BCB871DE5444C00734FF4 /* Assets.xcassets */,
				490BCB891DE5444C00734FF4 /* MainMenu.xib */,
				490BCB8C1DE5444C00734FF4 /* Info.plist */,
			);
			path = "git-annex-mac";
			sourceTree = "<group>";
		};
		490BCB941DE5444D00734FF4 /* git-annex-macTests */ = {
			isa = PBXGroup;
			children = (
				490BCB951DE5444D00734FF4 /* git_annex_macTests.swift */,
				490BCB971DE5444D00734FF4 /* Info.plist */,
			);
			path = "git-annex-macTests";
			sourceTree = "<group>";
		};
		490BCB9F1DE5444D00734FF4 /* git-annex-macUITests */ = {
			isa = PBXGroup;
			children = (
				490BCBA01DE5444D00734FF4 /* git_annex_macUITests.swift */,
				490BCBA21DE5444D00734FF4 /* Info.plist */,
			);
			path = "git-annex-macUITests";
			sourceTree = "<group>";
		};
		499B44611DE544F00091E0E3 /* git-annex-finder */ = {
			isa = PBXGroup;
			children = (
				499B44641DE544F00091E0E3 /* FinderSync.swift */,
				499B44661DE544F00091E0E3 /* Info.plist */,
				499B44621DE544F00091E0E3 /* Supporting Files */,
			);
			path = "git-annex-finder";
			sourceTree = "<group>";
		};
		499B44621DE544F00091E0E3 /* Supporting Files */ = {
			isa = PBXGroup;
			children = (
				499B44631DE544F00091E0E3 /* git_annex_finder.entitlements */,
			);
			name = "Supporting Files";
			sourceTree = "<group>";
		};
		499B44731DE54A250091E0E3 /* git-annex-mac-cmd */ = {
			isa = PBXGroup;
			children = (
				499B44741DE54A250091E0E3 /* main.swift */,
				495DD1B71DE5F3FB00219E03 /* StringExtension.swift */,
				49F8C0CD1DE5DFF0005FA39D /* ConsoleIO.swift */,
				495DD1B51DE5EEBB00219E03 /* Finder.swift */,
			);
			path = "git-annex-mac-cmd";
			sourceTree = "<group>";
		};
/* End PBXGroup section */

/* Begin PBXNativeTarget section */
		490BCB811DE5444C00734FF4 /* git-annex-mac */ = {
			isa = PBXNativeTarget;
			buildConfigurationList = 490BCBA51DE5444D00734FF4 /* Build configuration list for PBXNativeTarget "git-annex-mac" */;
			buildPhases = (
				490BCB7E1DE5444C00734FF4 /* Sources */,
				490BCB7F1DE5444C00734FF4 /* Frameworks */,
				490BCB801DE5444C00734FF4 /* Resources */,
				499B446D1DE544F00091E0E3 /* Embed App Extensions */,
			);
			buildRules = (
			);
			dependencies = (
				499B44681DE544F00091E0E3 /* PBXTargetDependency */,
			);
			name = "git-annex-mac";
			productName = "git-annex-mac";
			productReference = 490BCB821DE5444C00734FF4 /* git-annex-mac.app */;
			productType = "com.apple.product-type.application";
		};
		490BCB901DE5444D00734FF4 /* git-annex-macTests */ = {
			isa = PBXNativeTarget;
			buildConfigurationList = 490BCBA81DE5444D00734FF4 /* Build configuration list for PBXNativeTarget "git-annex-macTests" */;
			buildPhases = (
				490BCB8D1DE5444D00734FF4 /* Sources */,
				490BCB8E1DE5444D00734FF4 /* Frameworks */,
				490BCB8F1DE5444D00734FF4 /* Resources */,
			);
			buildRules = (
			);
			dependencies = (
				490BCB931DE5444D00734FF4 /* PBXTargetDependency */,
			);
			name = "git-annex-macTests";
			productName = "git-annex-macTests";
			productReference = 490BCB911DE5444D00734FF4 /* git-annex-macTests.xctest */;
			productType = "com.apple.product-type.bundle.unit-test";
		};
		490BCB9B1DE5444D00734FF4 /* git-annex-macUITests */ = {
			isa = PBXNativeTarget;
			buildConfigurationList = 490BCBAB1DE5444D00734FF4 /* Build configuration list for PBXNativeTarget "git-annex-macUITests" */;
			buildPhases = (
				490BCB981DE5444D00734FF4 /* Sources */,
				490BCB991DE5444D00734FF4 /* Frameworks */,
				490BCB9A1DE5444D00734FF4 /* Resources */,
			);
			buildRules = (
			);
			dependencies = (
				490BCB9E1DE5444D00734FF4 /* PBXTargetDependency */,
			);
			name = "git-annex-macUITests";
			productName = "git-annex-macUITests";
			productReference = 490BCB9C1DE5444D00734FF4 /* git-annex-macUITests.xctest */;
			productType = "com.apple.product-type.bundle.ui-testing";
		};
		499B445F1DE544F00091E0E3 /* git-annex-finder */ = {
			isa = PBXNativeTarget;
			buildConfigurationList = 499B446C1DE544F00091E0E3 /* Build configuration list for PBXNativeTarget "git-annex-finder" */;
			buildPhases = (
				499B445C1DE544F00091E0E3 /* Sources */,
				499B445D1DE544F00091E0E3 /* Frameworks */,
				499B445E1DE544F00091E0E3 /* Resources */,
			);
			buildRules = (
			);
			dependencies = (
			);
			name = "git-annex-finder";
			productName = "git-annex-finder";
			productReference = 499B44601DE544F00091E0E3 /* git-annex-finder.appex */;
			productType = "com.apple.product-type.app-extension";
		};
		499B44711DE54A250091E0E3 /* git-annex-mac-cmd */ = {
			isa = PBXNativeTarget;
			buildConfigurationList = 499B44761DE54A250091E0E3 /* Build configuration list for PBXNativeTarget "git-annex-mac-cmd" */;
			buildPhases = (
				499B446E1DE54A250091E0E3 /* Sources */,
				499B446F1DE54A250091E0E3 /* Frameworks */,
				499B44701DE54A250091E0E3 /* CopyFiles */,
			);
			buildRules = (
			);
			dependencies = (
			);
			name = "git-annex-mac-cmd";
			productName = "git-annex-mac-cmd";
			productReference = 499B44721DE54A250091E0E3 /* git-annex-mac-cmd */;
			productType = "com.apple.product-type.tool";
		};
/* End PBXNativeTarget section */

/* Begin PBXProject section */
		490BCB7A1DE5444C00734FF4 /* Project object */ = {
			isa = PBXProject;
			attributes = {
				LastSwiftUpdateCheck = 0730;
				LastUpgradeCheck = 0810;
				ORGANIZATIONNAME = "Andrew Ringler";
				TargetAttributes = {
					490BCB811DE5444C00734FF4 = {
						CreatedOnToolsVersion = 7.3.1;
					};
					490BCB901DE5444D00734FF4 = {
						CreatedOnToolsVersion = 7.3.1;
						TestTargetID = 490BCB811DE5444C00734FF4;
					};
					490BCB9B1DE5444D00734FF4 = {
						CreatedOnToolsVersion = 7.3.1;
						TestTargetID = 490BCB811DE5444C00734FF4;
					};
					499B445F1DE544F00091E0E3 = {
						CreatedOnToolsVersion = 7.3.1;
					};
					499B44711DE54A250091E0E3 = {
						CreatedOnToolsVersion = 7.3.1;
						LastSwiftMigration = 0810;
					};
				};
			};
			buildConfigurationList = 490BCB7D1DE5444C00734FF4 /* Build configuration list for PBXProject "git-annex-mac" */;
			compatibilityVersion = "Xcode 3.2";
			developmentRegion = English;
			hasScannedForEncodings = 0;
			knownRegions = (
				en,
				Base,
			);
			mainGroup = 490BCB791DE5444C00734FF4;
			productRefGroup = 490BCB831DE5444C00734FF4 /* Products */;
			projectDirPath = "";
			projectRoot = "";
			targets = (
				490BCB811DE5444C00734FF4 /* git-annex-mac */,
				490BCB901DE5444D00734FF4 /* git-annex-macTests */,
				490BCB9B1DE5444D00734FF4 /* git-annex-macUITests */,
				499B445F1DE544F00091E0E3 /* git-annex-finder */,
				499B44711DE54A250091E0E3 /* git-annex-mac-cmd */,
			);
		};
/* End PBXProject section */

/* Begin PBXResourcesBuildPhase section */
		490BCB801DE5444C00734FF4 /* Resources */ = {
			isa = PBXResourcesBuildPhase;
			buildActionMask = 2147483647;
			files = (
				490BCB881DE5444C00734FF4 /* Assets.xcassets in Resources */,
				490BCB8B1DE5444C00734FF4 /* MainMenu.xib in Resources */,
			);
			runOnlyForDeploymentPostprocessing = 0;
		};
		490BCB8F1DE5444D00734FF4 /* Resources */ = {
			isa = PBXResourcesBuildPhase;
			buildActionMask = 2147483647;
			files = (
			);
			runOnlyForDeploymentPostprocessing = 0;
		};
		490BCB9A1DE5444D00734FF4 /* Resources */ = {
			isa = PBXResourcesBuildPhase;
			buildActionMask = 2147483647;
			files = (
			);
			runOnlyForDeploymentPostprocessing = 0;
		};
		499B445E1DE544F00091E0E3 /* Resources */ = {
			isa = PBXResourcesBuildPhase;
			buildActionMask = 2147483647;
			files = (
			);
			runOnlyForDeploymentPostprocessing = 0;
		};
/* End PBXResourcesBuildPhase section */

/* Begin PBXSourcesBuildPhase section */
		490BCB7E1DE5444C00734FF4 /* Sources */ = {
			isa = PBXSourcesBuildPhase;
			buildActionMask = 2147483647;
			files = (
				490BCB861DE5444C00734FF4 /* AppDelegate.swift in Sources */,
			);
			runOnlyForDeploymentPostprocessing = 0;
		};
		490BCB8D1DE5444D00734FF4 /* Sources */ = {
			isa = PBXSourcesBuildPhase;
			buildActionMask = 2147483647;
			files = (
				490BCB961DE5444D00734FF4 /* git_annex_macTests.swift in Sources */,
			);
			runOnlyForDeploymentPostprocessing = 0;
		};
		490BCB981DE5444D00734FF4 /* Sources */ = {
			isa = PBXSourcesBuildPhase;
			buildActionMask = 2147483647;
			files = (
				490BCBA11DE5444D00734FF4 /* git_annex_macUITests.swift in Sources */,
			);
			runOnlyForDeploymentPostprocessing = 0;
		};
		499B445C1DE544F00091E0E3 /* Sources */ = {
			isa = PBXSourcesBuildPhase;
			buildActionMask = 2147483647;
			files = (
				499B44651DE544F00091E0E3 /* FinderSync.swift in Sources */,
			);
			runOnlyForDeploymentPostprocessing = 0;
		};
		499B446E1DE54A250091E0E3 /* Sources */ = {
			isa = PBXSourcesBuildPhase;
			buildActionMask = 2147483647;
			files = (
				495DD1B81DE5F3FB00219E03 /* StringExtension.swift in Sources */,
				499B44751DE54A250091E0E3 /* main.swift in Sources */,
				495DD1B61DE5EEBB00219E03 /* Finder.swift in Sources */,
				49F8C0CE1DE5DFF0005FA39D /* ConsoleIO.swift in Sources */,
			);
			runOnlyForDeploymentPostprocessing = 0;
		};
/* End PBXSourcesBuildPhase section */

/* Begin PBXTargetDependency section */
		490BCB931DE5444D00734FF4 /* PBXTargetDependency */ = {
			isa = PBXTargetDependency;
			target = 490BCB811DE5444C00734FF4 /* git-annex-mac */;
			targetProxy = 490BCB921DE5444D00734FF4 /* PBXContainerItemProxy */;
		};
		490BCB9E1DE5444D00734FF4 /* PBXTargetDependency */ = {
			isa = PBXTargetDependency;
			target = 490BCB811DE5444C00734FF4 /* git-annex-mac */;
			targetProxy = 490BCB9D1DE5444D00734FF4 /* PBXContainerItemProxy */;
		};
		499B44681DE544F00091E0E3 /* PBXTargetDependency */ = {
			isa = PBXTargetDependency;
			target = 499B445F1DE544F00091E0E3 /* git-annex-finder */;
			targetProxy = 499B44671DE544F00091E0E3 /* PBXContainerItemProxy */;
		};
/* End PBXTargetDependency section */

/* Begin PBXVariantGroup section */
		490BCB891DE5444C00734FF4 /* MainMenu.xib */ = {
			isa = PBXVariantGroup;
			children = (
				490BCB8A1DE5444C00734FF4 /* Base */,
			);
			name = MainMenu.xib;
			sourceTree = "<group>";
		};
/* End PBXVariantGroup section */

/* Begin XCBuildConfiguration section */
		490BCBA31DE5444D00734FF4 /* Debug */ = {
			isa = XCBuildConfiguration;
			buildSettings = {
				ALWAYS_SEARCH_USER_PATHS = NO;
				CLANG_ANALYZER_NONNULL = YES;
				CLANG_CXX_LANGUAGE_STANDARD = "gnu++0x";
				CLANG_CXX_LIBRARY = "libc++";
				CLANG_ENABLE_MODULES = YES;
				CLANG_ENABLE_OBJC_ARC = YES;
				CLANG_WARN_BOOL_CONVERSION = YES;
				CLANG_WARN_CONSTANT_CONVERSION = YES;
				CLANG_WARN_DIRECT_OBJC_ISA_USAGE = YES_ERROR;
				CLANG_WARN_EMPTY_BODY = YES;
				CLANG_WARN_ENUM_CONVERSION = YES;
				CLANG_WARN_INFINITE_RECURSION = YES;
				CLANG_WARN_INT_CONVERSION = YES;
				CLANG_WARN_OBJC_ROOT_CLASS = YES_ERROR;
				CLANG_WARN_SUSPICIOUS_MOVE = YES;
				CLANG_WARN_UNREACHABLE_CODE = YES;
				CLANG_WARN__DUPLICATE_METHOD_MATCH = YES;
				CODE_SIGN_IDENTITY = "-";
				COPY_PHASE_STRIP = NO;
				DEBUG_INFORMATION_FORMAT = dwarf;
				ENABLE_STRICT_OBJC_MSGSEND = YES;
				ENABLE_TESTABILITY = YES;
				GCC_C_LANGUAGE_STANDARD = gnu99;
				GCC_DYNAMIC_NO_PIC = NO;
				GCC_NO_COMMON_BLOCKS = YES;
				GCC_OPTIMIZATION_LEVEL = 0;
				GCC_PREPROCESSOR_DEFINITIONS = (
					"DEBUG=1",
					"$(inherited)",
				);
				GCC_WARN_64_TO_32_BIT_CONVERSION = YES;
				GCC_WARN_ABOUT_RETURN_TYPE = YES_ERROR;
				GCC_WARN_UNDECLARED_SELECTOR = YES;
				GCC_WARN_UNINITIALIZED_AUTOS = YES_AGGRESSIVE;
				GCC_WARN_UNUSED_FUNCTION = YES;
				GCC_WARN_UNUSED_VARIABLE = YES;
				MACOSX_DEPLOYMENT_TARGET = 10.11;
				MTL_ENABLE_DEBUG_INFO = YES;
				ONLY_ACTIVE_ARCH = YES;
				SDKROOT = macosx;
				SWIFT_OPTIMIZATION_LEVEL = "-Onone";
			};
			name = Debug;
		};
		490BCBA41DE5444D00734FF4 /* Release */ = {
			isa = XCBuildConfiguration;
			buildSettings = {
				ALWAYS_SEARCH_USER_PATHS = NO;
				CLANG_ANALYZER_NONNULL = YES;
				CLANG_CXX_LANGUAGE_STANDARD = "gnu++0x";
				CLANG_CXX_LIBRARY = "libc++";
				CLANG_ENABLE_MODULES = YES;
				CLANG_ENABLE_OBJC_ARC = YES;
				CLANG_WARN_BOOL_CONVERSION = YES;
				CLANG_WARN_CONSTANT_CONVERSION = YES;
				CLANG_WARN_DIRECT_OBJC_ISA_USAGE = YES_ERROR;
				CLANG_WARN_EMPTY_BODY = YES;
				CLANG_WARN_ENUM_CONVERSION = YES;
				CLANG_WARN_INFINITE_RECURSION = YES;
				CLANG_WARN_INT_CONVERSION = YES;
				CLANG_WARN_OBJC_ROOT_CLASS = YES_ERROR;
				CLANG_WARN_SUSPICIOUS_MOVE = YES;
				CLANG_WARN_UNREACHABLE_CODE = YES;
				CLANG_WARN__DUPLICATE_METHOD_MATCH = YES;
				CODE_SIGN_IDENTITY = "-";
				COPY_PHASE_STRIP = NO;
				DEBUG_INFORMATION_FORMAT = "dwarf-with-dsym";
				ENABLE_NS_ASSERTIONS = NO;
				ENABLE_STRICT_OBJC_MSGSEND = YES;
				GCC_C_LANGUAGE_STANDARD = gnu99;
				GCC_NO_COMMON_BLOCKS = YES;
				GCC_WARN_64_TO_32_BIT_CONVERSION = YES;
				GCC_WARN_ABOUT_RETURN_TYPE = YES_ERROR;
				GCC_WARN_UNDECLARED_SELECTOR = YES;
				GCC_WARN_UNINITIALIZED_AUTOS = YES_AGGRESSIVE;
				GCC_WARN_UNUSED_FUNCTION = YES;
				GCC_WARN_UNUSED_VARIABLE = YES;
				MACOSX_DEPLOYMENT_TARGET = 10.11;
				MTL_ENABLE_DEBUG_INFO = NO;
				SDKROOT = macosx;
				SWIFT_OPTIMIZATION_LEVEL = "-Owholemodule";
			};
			name = Release;
		};
		490BCBA61DE5444D00734FF4 /* Debug */ = {
			isa = XCBuildConfiguration;
			buildSettings = {
				ALWAYS_EMBED_SWIFT_STANDARD_LIBRARIES = YES;
				ASSETCATALOG_COMPILER_APPICON_NAME = AppIcon;
				COMBINE_HIDPI_IMAGES = YES;
				INFOPLIST_FILE = "git-annex-mac/Info.plist";
				LD_RUNPATH_SEARCH_PATHS = "$(inherited) @executable_path/../Frameworks";
				PRODUCT_BUNDLE_IDENTIFIER = "com.andrewringler.git-annex-mac";
				PRODUCT_NAME = "$(TARGET_NAME)";
			};
			name = Debug;
		};
		490BCBA71DE5444D00734FF4 /* Release */ = {
			isa = XCBuildConfiguration;
			buildSettings = {
				ALWAYS_EMBED_SWIFT_STANDARD_LIBRARIES = YES;
				ASSETCATALOG_COMPILER_APPICON_NAME = AppIcon;
				COMBINE_HIDPI_IMAGES = YES;
				INFOPLIST_FILE = "git-annex-mac/Info.plist";
				LD_RUNPATH_SEARCH_PATHS = "$(inherited) @executable_path/../Frameworks";
				PRODUCT_BUNDLE_IDENTIFIER = "com.andrewringler.git-annex-mac";
				PRODUCT_NAME = "$(TARGET_NAME)";
			};
			name = Release;
		};
		490BCBA91DE5444D00734FF4 /* Debug */ = {
			isa = XCBuildConfiguration;
			buildSettings = {
				BUNDLE_LOADER = "$(TEST_HOST)";
				COMBINE_HIDPI_IMAGES = YES;
				INFOPLIST_FILE = "git-annex-macTests/Info.plist";
				LD_RUNPATH_SEARCH_PATHS = "$(inherited) @executable_path/../Frameworks @loader_path/../Frameworks";
				PRODUCT_BUNDLE_IDENTIFIER = "com.andrewringler.git-annex-macTests";
				PRODUCT_NAME = "$(TARGET_NAME)";
				TEST_HOST = "$(BUILT_PRODUCTS_DIR)/git-annex-mac.app/Contents/MacOS/git-annex-mac";
			};
			name = Debug;
		};
		490BCBAA1DE5444D00734FF4 /* Release */ = {
			isa = XCBuildConfiguration;
			buildSettings = {
				BUNDLE_LOADER = "$(TEST_HOST)";
				COMBINE_HIDPI_IMAGES = YES;
				INFOPLIST_FILE = "git-annex-macTests/Info.plist";
				LD_RUNPATH_SEARCH_PATHS = "$(inherited) @executable_path/../Frameworks @loader_path/../Frameworks";
				PRODUCT_BUNDLE_IDENTIFIER = "com.andrewringler.git-annex-macTests";
				PRODUCT_NAME = "$(TARGET_NAME)";
				TEST_HOST = "$(BUILT_PRODUCTS_DIR)/git-annex-mac.app/Contents/MacOS/git-annex-mac";
			};
			name = Release;
		};
		490BCBAC1DE5444D00734FF4 /* Debug */ = {
			isa = XCBuildConfiguration;
			buildSettings = {
				COMBINE_HIDPI_IMAGES = YES;
				INFOPLIST_FILE = "git-annex-macUITests/Info.plist";
				LD_RUNPATH_SEARCH_PATHS = "$(inherited) @executable_path/../Frameworks @loader_path/../Frameworks";
				PRODUCT_BUNDLE_IDENTIFIER = "com.andrewringler.git-annex-macUITests";
				PRODUCT_NAME = "$(TARGET_NAME)";
				TEST_TARGET_NAME = "git-annex-mac";
			};
			name = Debug;
		};
		490BCBAD1DE5444D00734FF4 /* Release */ = {
			isa = XCBuildConfiguration;
			buildSettings = {
				COMBINE_HIDPI_IMAGES = YES;
				INFOPLIST_FILE = "git-annex-macUITests/Info.plist";
				LD_RUNPATH_SEARCH_PATHS = "$(inherited) @executable_path/../Frameworks @loader_path/../Frameworks";
				PRODUCT_BUNDLE_IDENTIFIER = "com.andrewringler.git-annex-macUITests";
				PRODUCT_NAME = "$(TARGET_NAME)";
				TEST_TARGET_NAME = "git-annex-mac";
			};
			name = Release;
		};
		499B446A1DE544F00091E0E3 /* Debug */ = {
			isa = XCBuildConfiguration;
			buildSettings = {
				CODE_SIGN_ENTITLEMENTS = "git-annex-finder/git_annex_finder.entitlements";
				COMBINE_HIDPI_IMAGES = YES;
				INFOPLIST_FILE = "git-annex-finder/Info.plist";
				LD_RUNPATH_SEARCH_PATHS = "$(inherited) @executable_path/../Frameworks @executable_path/../../../../Frameworks";
				PRODUCT_BUNDLE_IDENTIFIER = "com.andrewringler.git-annex-mac.git-annex-finder";
				PRODUCT_NAME = "$(TARGET_NAME)";
				SKIP_INSTALL = YES;
			};
			name = Debug;
		};
		499B446B1DE544F00091E0E3 /* Release */ = {
			isa = XCBuildConfiguration;
			buildSettings = {
				CODE_SIGN_ENTITLEMENTS = "git-annex-finder/git_annex_finder.entitlements";
				COMBINE_HIDPI_IMAGES = YES;
				INFOPLIST_FILE = "git-annex-finder/Info.plist";
				LD_RUNPATH_SEARCH_PATHS = "$(inherited) @executable_path/../Frameworks @executable_path/../../../../Frameworks";
				PRODUCT_BUNDLE_IDENTIFIER = "com.andrewringler.git-annex-mac.git-annex-finder";
				PRODUCT_NAME = "$(TARGET_NAME)";
				SKIP_INSTALL = YES;
			};
			name = Release;
		};
		499B44771DE54A250091E0E3 /* Debug */ = {
			isa = XCBuildConfiguration;
			buildSettings = {
				PRODUCT_NAME = "$(TARGET_NAME)";
				SWIFT_VERSION = 3.0;
			};
			name = Debug;
		};
		499B44781DE54A250091E0E3 /* Release */ = {
			isa = XCBuildConfiguration;
			buildSettings = {
				PRODUCT_NAME = "$(TARGET_NAME)";
				SWIFT_VERSION = 3.0;
			};
			name = Release;
		};
/* End XCBuildConfiguration section */

/* Begin XCConfigurationList section */
		490BCB7D1DE5444C00734FF4 /* Build configuration list for PBXProject "git-annex-mac" */ = {
			isa = XCConfigurationList;
			buildConfigurations = (
				490BCBA31DE5444D00734FF4 /* Debug */,
				490BCBA41DE5444D00734FF4 /* Release */,
			);
			defaultConfigurationIsVisible = 0;
			defaultConfigurationName = Release;
		};
		490BCBA51DE5444D00734FF4 /* Build configuration list for PBXNativeTarget "git-annex-mac" */ = {
			isa = XCConfigurationList;
			buildConfigurations = (
				490BCBA61DE5444D00734FF4 /* Debug */,
				490BCBA71DE5444D00734FF4 /* Release */,
			);
			defaultConfigurationIsVisible = 0;
			defaultConfigurationName = Release;
		};
		490BCBA81DE5444D00734FF4 /* Build configuration list for PBXNativeTarget "git-annex-macTests" */ = {
			isa = XCConfigurationList;
			buildConfigurations = (
				490BCBA91DE5444D00734FF4 /* Debug */,
				490BCBAA1DE5444D00734FF4 /* Release */,
			);
			defaultConfigurationIsVisible = 0;
			defaultConfigurationName = Release;
		};
		490BCBAB1DE5444D00734FF4 /* Build configuration list for PBXNativeTarget "git-annex-macUITests" */ = {
			isa = XCConfigurationList;
			buildConfigurations = (
				490BCBAC1DE5444D00734FF4 /* Debug */,
				490BCBAD1DE5444D00734FF4 /* Release */,
			);
			defaultConfigurationIsVisible = 0;
			defaultConfigurationName = Release;
		};
		499B446C1DE544F00091E0E3 /* Build configuration list for PBXNativeTarget "git-annex-finder" */ = {
			isa = XCConfigurationList;
			buildConfigurations = (
				499B446A1DE544F00091E0E3 /* Debug */,
				499B446B1DE544F00091E0E3 /* Release */,
			);
			defaultConfigurationIsVisible = 0;
			defaultConfigurationName = Release;
		};
		499B44761DE54A250091E0E3 /* Build configuration list for PBXNativeTarget "git-annex-mac-cmd" */ = {
			isa = XCConfigurationList;
			buildConfigurations = (
				499B44771DE54A250091E0E3 /* Debug */,
				499B44781DE54A250091E0E3 /* Release */,
			);
			defaultConfigurationIsVisible = 0;
			defaultConfigurationName = Release;
		};
/* End XCConfigurationList section */
	};
	rootObject = 490BCB7A1DE5444C00734FF4 /* Project object */;
}
